
Microsoft Visual Studio Solution File, Format Version 12.00
# Visual Studio Version 17
VisualStudioVersion = 17.9.34723.18
MinimumVisualStudioVersion = 10.0.40219.1
Project("{FAE04EC0-301F-11D3-BF4B-00C04F79EFBC}") = "CauculadoraDaT6", "CauculadoraDaT6.csproj", "{A1937A87-2F95-4572-B9CD-9D5D70A41C78}"
EndProject
Global
	GlobalSection(SolutionConfigurationPlatforms) = preSolution
		Debug|Any CPU = Debug|Any CPU
		Release|Any CPU = Release|Any CPU
	EndGlobalSection
	GlobalSection(ProjectConfigurationPlatforms) = postSolution
		{A1937A87-2F95-4572-B9CD-9D5D70A41C78}.Debug|Any CPU.ActiveCfg = Debug|Any CPU
		{A1937A87-2F95-4572-B9CD-9D5D70A41C78}.Debug|Any CPU.Build.0 = Debug|Any CPU
		{A1937A87-2F95-4572-B9CD-9D5D70A41C78}.Release|Any CPU.ActiveCfg = Release|Any CPU
		{A1937A87-2F95-4572-B9CD-9D5D70A41C78}.Release|Any CPU.Build.0 = Release|Any CPU
	EndGlobalSection
	GlobalSection(SolutionProperties) = preSolution
		HideSolutionNode = FALSE
	EndGlobalSection
	GlobalSection(ExtensibilityGlobals) = postSolution
		SolutionGuid = {0BD8D76A-1467-4989-8F12-35602BC7F297}
	EndGlobalSection
EndGlobal
